
Microsoft Visual Studio Solution File, Format Version 12.00
# Visual Studio 2013
VisualStudioVersion = 12.0.21005.1
MinimumVisualStudioVersion = 10.0.40219.1
Project("{2150E333-8FDC-42A3-9474-1A3956D46DE8}") = "Tests", "Tests", "{0EADA782-E9BE-4037-B416-516EEFA66E3F}"
EndProject
Project("{2150E333-8FDC-42A3-9474-1A3956D46DE8}") = "UnitTests", "UnitTests", "{8C46DC8F-6D8F-400C-A703-4F1864F7F0D8}"
EndProject
Project("{2150E333-8FDC-42A3-9474-1A3956D46DE8}") = "IntegrationTests", "IntegrationTests", "{7C694929-E7D4-460D-81CA-EAF1B2D9F4BE}"
EndProject
Project("{2150E333-8FDC-42A3-9474-1A3956D46DE8}") = "Presentation", "Presentation", "{A4533749-BEE3-49F4-BD53-574500E31D6A}"
EndProject
Project("{FAE04EC0-301F-11D3-BF4B-00C04F79EFBC}") = "Audition", "Presentation\Audition\Audition.csproj", "{C0F8762D-B36D-40B6-8548-DED625B151AE}"
EndProject
Project("{2150E333-8FDC-42A3-9474-1A3956D46DE8}") = "Domain", "Domain", "{2B4F4829-1474-4EC5-ACBE-018E0EC8B447}"
EndProject
Project("{FAE04EC0-301F-11D3-BF4B-00C04F79EFBC}") = "Audition.Domain.Entities", "Domain\Audition.Domain.Entities\Audition.Domain.Entities.csproj", "{32DBCA92-4C5A-48DA-96EB-89774DF1D242}"
EndProject
Project("{2150E333-8FDC-42A3-9474-1A3956D46DE8}") = "Services", "Services", "{69D357E6-3A8D-4D95-BB3A-9942549079CF}"
EndProject
Project("{FAE04EC0-301F-11D3-BF4B-00C04F79EFBC}") = "Audition.Data.Service", "Services\Audition.Data.Service\Audition.Data.Service.csproj", "{B07ABCC0-28C1-454B-93CF-189ECB201519}"
EndProject
Project("{2150E333-8FDC-42A3-9474-1A3956D46DE8}") = "Domain", "Domain", "{2C1A20AC-C381-4197-A8A2-D483F84A1BCE}"
EndProject
Project("{2150E333-8FDC-42A3-9474-1A3956D46DE8}") = "Presentation", "Presentation", "{48A12C7D-C255-4559-978F-87DE37245D35}"
EndProject
Project("{2150E333-8FDC-42A3-9474-1A3956D46DE8}") = "Services", "Services", "{5D817B50-1DA0-4D66-97EA-73D69633DB48}"
EndProject
Project("{FAE04EC0-301F-11D3-BF4B-00C04F79EFBC}") = "Audition.UnitTests", "Tests\UnitTests\Presentation\Audition.UnitTests\Audition.UnitTests.csproj", "{8EE62E4C-A0B2-4AF5-A5C8-50DD1F3CB4CB}"
EndProject
Project("{FAE04EC0-301F-11D3-BF4B-00C04F79EFBC}") = "Audition.Domain.Entities.UnitTests", "Tests\UnitTests\Domain\Audition.Domain.Entities.UnitTests\Audition.Domain.Entities.UnitTests.csproj", "{C5DFB40B-8216-4E2E-A201-B7984C98A6C3}"
EndProject
Project("{FAE04EC0-301F-11D3-BF4B-00C04F79EFBC}") = "Audition.Data.Service.UnitTests", "Tests\UnitTests\Services\Audition.Data.Service.UnitTests\Audition.Data.Service.UnitTests.csproj", "{5D35E011-0D17-488F-8A8E-F9FB2068EF86}"
EndProject
Global
	GlobalSection(SolutionConfigurationPlatforms) = preSolution
		Debug|Any CPU = Debug|Any CPU
		Release|Any CPU = Release|Any CPU
	EndGlobalSection
	GlobalSection(ProjectConfigurationPlatforms) = postSolution
		{C0F8762D-B36D-40B6-8548-DED625B151AE}.Debug|Any CPU.ActiveCfg = Debug|Any CPU
		{C0F8762D-B36D-40B6-8548-DED625B151AE}.Debug|Any CPU.Build.0 = Debug|Any CPU
		{C0F8762D-B36D-40B6-8548-DED625B151AE}.Release|Any CPU.ActiveCfg = Release|Any CPU
		{C0F8762D-B36D-40B6-8548-DED625B151AE}.Release|Any CPU.Build.0 = Release|Any CPU
		{32DBCA92-4C5A-48DA-96EB-89774DF1D242}.Debug|Any CPU.ActiveCfg = Debug|Any CPU
		{32DBCA92-4C5A-48DA-96EB-89774DF1D242}.Debug|Any CPU.Build.0 = Debug|Any CPU
		{32DBCA92-4C5A-48DA-96EB-89774DF1D242}.Release|Any CPU.ActiveCfg = Release|Any CPU
		{32DBCA92-4C5A-48DA-96EB-89774DF1D242}.Release|Any CPU.Build.0 = Release|Any CPU
		{B07ABCC0-28C1-454B-93CF-189ECB201519}.Debug|Any CPU.ActiveCfg = Debug|Any CPU
		{B07ABCC0-28C1-454B-93CF-189ECB201519}.Debug|Any CPU.Build.0 = Debug|Any CPU
		{B07ABCC0-28C1-454B-93CF-189ECB201519}.Release|Any CPU.ActiveCfg = Release|Any CPU
		{B07ABCC0-28C1-454B-93CF-189ECB201519}.Release|Any CPU.Build.0 = Release|Any CPU
		{8EE62E4C-A0B2-4AF5-A5C8-50DD1F3CB4CB}.Debug|Any CPU.ActiveCfg = Debug|Any CPU
		{8EE62E4C-A0B2-4AF5-A5C8-50DD1F3CB4CB}.Debug|Any CPU.Build.0 = Debug|Any CPU
		{8EE62E4C-A0B2-4AF5-A5C8-50DD1F3CB4CB}.Release|Any CPU.ActiveCfg = Release|Any CPU
		{8EE62E4C-A0B2-4AF5-A5C8-50DD1F3CB4CB}.Release|Any CPU.Build.0 = Release|Any CPU
		{C5DFB40B-8216-4E2E-A201-B7984C98A6C3}.Debug|Any CPU.ActiveCfg = Debug|Any CPU
		{C5DFB40B-8216-4E2E-A201-B7984C98A6C3}.Debug|Any CPU.Build.0 = Debug|Any CPU
		{C5DFB40B-8216-4E2E-A201-B7984C98A6C3}.Release|Any CPU.ActiveCfg = Release|Any CPU
		{C5DFB40B-8216-4E2E-A201-B7984C98A6C3}.Release|Any CPU.Build.0 = Release|Any CPU
		{5D35E011-0D17-488F-8A8E-F9FB2068EF86}.Debug|Any CPU.ActiveCfg = Debug|Any CPU
		{5D35E011-0D17-488F-8A8E-F9FB2068EF86}.Debug|Any CPU.Build.0 = Debug|Any CPU
		{5D35E011-0D17-488F-8A8E-F9FB2068EF86}.Release|Any CPU.ActiveCfg = Release|Any CPU
		{5D35E011-0D17-488F-8A8E-F9FB2068EF86}.Release|Any CPU.Build.0 = Release|Any CPU
	EndGlobalSection
	GlobalSection(SolutionProperties) = preSolution
		HideSolutionNode = FALSE
	EndGlobalSection
	GlobalSection(NestedProjects) = preSolution
		{8C46DC8F-6D8F-400C-A703-4F1864F7F0D8} = {0EADA782-E9BE-4037-B416-516EEFA66E3F}
		{7C694929-E7D4-460D-81CA-EAF1B2D9F4BE} = {0EADA782-E9BE-4037-B416-516EEFA66E3F}
		{2C1A20AC-C381-4197-A8A2-D483F84A1BCE} = {8C46DC8F-6D8F-400C-A703-4F1864F7F0D8}
		{48A12C7D-C255-4559-978F-87DE37245D35} = {8C46DC8F-6D8F-400C-A703-4F1864F7F0D8}
		{5D817B50-1DA0-4D66-97EA-73D69633DB48} = {8C46DC8F-6D8F-400C-A703-4F1864F7F0D8}
		{C0F8762D-B36D-40B6-8548-DED625B151AE} = {A4533749-BEE3-49F4-BD53-574500E31D6A}
		{32DBCA92-4C5A-48DA-96EB-89774DF1D242} = {2B4F4829-1474-4EC5-ACBE-018E0EC8B447}
		{B07ABCC0-28C1-454B-93CF-189ECB201519} = {69D357E6-3A8D-4D95-BB3A-9942549079CF}
		{C5DFB40B-8216-4E2E-A201-B7984C98A6C3} = {2C1A20AC-C381-4197-A8A2-D483F84A1BCE}
		{8EE62E4C-A0B2-4AF5-A5C8-50DD1F3CB4CB} = {48A12C7D-C255-4559-978F-87DE37245D35}
		{5D35E011-0D17-488F-8A8E-F9FB2068EF86} = {5D817B50-1DA0-4D66-97EA-73D69633DB48}
	EndGlobalSection
EndGlobal
